
Microsoft Visual Studio Solution File, Format Version 12.00
# Visual Studio Version 17
VisualStudioVersion = 17.6.33723.286
MinimumVisualStudioVersion = 10.0.40219.1
Project("{2150E333-8FDC-42A3-9474-1A3956D46DE8}") = "Core", "Core", "{D69A17AA-1142-4515-AE26-0980B3295A17}"
EndProject
Project("{2150E333-8FDC-42A3-9474-1A3956D46DE8}") = "Infrastructure", "Infrastructure", "{8C56F876-B15D-4962-8E01-4B09F9DD47D6}"
EndProject
Project("{2150E333-8FDC-42A3-9474-1A3956D46DE8}") = "Presentation", "Presentation", "{BD1ECD11-22A6-46EC-830B-C6D4ACE2F7B4}"
EndProject
Project("{2150E333-8FDC-42A3-9474-1A3956D46DE8}") = "Shared", "Shared", "{3BDF3AE0-5937-455E-85B7-BDC7891D25C9}"
EndProject
Project("{9A19103F-16F7-4668-BE54-9A1E7A4F7556}") = "BeautySalon.CA.Domain", "BeautySalon.CA.Domain\BeautySalon.CA.Domain.csproj", "{1CFECC57-BB89-4171-A564-1254E80EA2A5}"
EndProject
Project("{2150E333-8FDC-42A3-9474-1A3956D46DE8}") = "Src", "Src", "{ACE7DA61-C956-4587-81C9-DE0AEB013684}"
EndProject
Project("{9A19103F-16F7-4668-BE54-9A1E7A4F7556}") = "BeautySalon.CA.Infrastructure", "BeautySalon.CA.Infrastructure\BeautySalon.CA.Infrastructure.csproj", "{F7C5E914-89B9-42A6-B87D-8DED20CECDE0}"
EndProject
Project("{9A19103F-16F7-4668-BE54-9A1E7A4F7556}") = "BeautySalon.CA.Shared", "BeautySalon.CA.Shared\BeautySalon.CA.Shared.csproj", "{1B6A9CB1-908B-4124-A581-F17A99B2047E}"
EndProject
Project("{FAE04EC0-301F-11D3-BF4B-00C04F79EFBC}") = "BeautySalon.CA.WebAPI", "BeautySalon.CA.WebAPI\BeautySalon.CA.WebAPI.csproj", "{488000FC-0892-466D-90FE-D0D235CFC06D}"
EndProject
Project("{FAE04EC0-301F-11D3-BF4B-00C04F79EFBC}") = "BeautySalon.CA.Application", "BeautySalon.CA.Application\BeautySalon.CA.Application.csproj", "{C4FC73DD-149B-4D7B-9919-0765AE7F971C}"
EndProject
Project("{FAE04EC0-301F-11D3-BF4B-00C04F79EFBC}") = "BeautySalon.CA.Persistence", "BeautySalon.CA.Persistence\BeautySalon.CA.Persistence.csproj", "{B529CC80-E1DC-4A45-9265-AFCB23AAC54D}"
EndProject
Project("{2150E333-8FDC-42A3-9474-1A3956D46DE8}") = "Tests", "Tests", "{87A62231-FE95-4556-B091-2B017BCCA55B}"
EndProject
Global
	GlobalSection(SolutionConfigurationPlatforms) = preSolution
		Debug|Any CPU = Debug|Any CPU
		Release|Any CPU = Release|Any CPU
	EndGlobalSection
	GlobalSection(ProjectConfigurationPlatforms) = postSolution
		{1CFECC57-BB89-4171-A564-1254E80EA2A5}.Debug|Any CPU.ActiveCfg = Debug|Any CPU
		{1CFECC57-BB89-4171-A564-1254E80EA2A5}.Debug|Any CPU.Build.0 = Debug|Any CPU
		{1CFECC57-BB89-4171-A564-1254E80EA2A5}.Release|Any CPU.ActiveCfg = Release|Any CPU
		{1CFECC57-BB89-4171-A564-1254E80EA2A5}.Release|Any CPU.Build.0 = Release|Any CPU
		{F7C5E914-89B9-42A6-B87D-8DED20CECDE0}.Debug|Any CPU.ActiveCfg = Debug|Any CPU
		{F7C5E914-89B9-42A6-B87D-8DED20CECDE0}.Debug|Any CPU.Build.0 = Debug|Any CPU
		{F7C5E914-89B9-42A6-B87D-8DED20CECDE0}.Release|Any CPU.ActiveCfg = Release|Any CPU
		{F7C5E914-89B9-42A6-B87D-8DED20CECDE0}.Release|Any CPU.Build.0 = Release|Any CPU
		{1B6A9CB1-908B-4124-A581-F17A99B2047E}.Debug|Any CPU.ActiveCfg = Debug|Any CPU
		{1B6A9CB1-908B-4124-A581-F17A99B2047E}.Debug|Any CPU.Build.0 = Debug|Any CPU
		{1B6A9CB1-908B-4124-A581-F17A99B2047E}.Release|Any CPU.ActiveCfg = Release|Any CPU
		{1B6A9CB1-908B-4124-A581-F17A99B2047E}.Release|Any CPU.Build.0 = Release|Any CPU
		{488000FC-0892-466D-90FE-D0D235CFC06D}.Debug|Any CPU.ActiveCfg = Debug|Any CPU
		{488000FC-0892-466D-90FE-D0D235CFC06D}.Debug|Any CPU.Build.0 = Debug|Any CPU
		{488000FC-0892-466D-90FE-D0D235CFC06D}.Release|Any CPU.ActiveCfg = Release|Any CPU
		{488000FC-0892-466D-90FE-D0D235CFC06D}.Release|Any CPU.Build.0 = Release|Any CPU
		{C4FC73DD-149B-4D7B-9919-0765AE7F971C}.Debug|Any CPU.ActiveCfg = Debug|Any CPU
		{C4FC73DD-149B-4D7B-9919-0765AE7F971C}.Debug|Any CPU.Build.0 = Debug|Any CPU
		{C4FC73DD-149B-4D7B-9919-0765AE7F971C}.Release|Any CPU.ActiveCfg = Release|Any CPU
		{C4FC73DD-149B-4D7B-9919-0765AE7F971C}.Release|Any CPU.Build.0 = Release|Any CPU
		{B529CC80-E1DC-4A45-9265-AFCB23AAC54D}.Debug|Any CPU.ActiveCfg = Debug|Any CPU
		{B529CC80-E1DC-4A45-9265-AFCB23AAC54D}.Debug|Any CPU.Build.0 = Debug|Any CPU
		{B529CC80-E1DC-4A45-9265-AFCB23AAC54D}.Release|Any CPU.ActiveCfg = Release|Any CPU
		{B529CC80-E1DC-4A45-9265-AFCB23AAC54D}.Release|Any CPU.Build.0 = Release|Any CPU
	EndGlobalSection
	GlobalSection(SolutionProperties) = preSolution
		HideSolutionNode = FALSE
	EndGlobalSection
	GlobalSection(NestedProjects) = preSolution
		{D69A17AA-1142-4515-AE26-0980B3295A17} = {ACE7DA61-C956-4587-81C9-DE0AEB013684}
		{8C56F876-B15D-4962-8E01-4B09F9DD47D6} = {ACE7DA61-C956-4587-81C9-DE0AEB013684}
		{BD1ECD11-22A6-46EC-830B-C6D4ACE2F7B4} = {ACE7DA61-C956-4587-81C9-DE0AEB013684}
		{3BDF3AE0-5937-455E-85B7-BDC7891D25C9} = {ACE7DA61-C956-4587-81C9-DE0AEB013684}
		{1CFECC57-BB89-4171-A564-1254E80EA2A5} = {D69A17AA-1142-4515-AE26-0980B3295A17}
		{F7C5E914-89B9-42A6-B87D-8DED20CECDE0} = {8C56F876-B15D-4962-8E01-4B09F9DD47D6}
		{1B6A9CB1-908B-4124-A581-F17A99B2047E} = {3BDF3AE0-5937-455E-85B7-BDC7891D25C9}
		{488000FC-0892-466D-90FE-D0D235CFC06D} = {BD1ECD11-22A6-46EC-830B-C6D4ACE2F7B4}
		{C4FC73DD-149B-4D7B-9919-0765AE7F971C} = {D69A17AA-1142-4515-AE26-0980B3295A17}
		{B529CC80-E1DC-4A45-9265-AFCB23AAC54D} = {8C56F876-B15D-4962-8E01-4B09F9DD47D6}
	EndGlobalSection
	GlobalSection(ExtensibilityGlobals) = postSolution
		SolutionGuid = {FC82CDB6-4AFE-49CD-8780-16521C2C82D4}
	EndGlobalSection
EndGlobal
